
Microsoft Visual Studio Solution File, Format Version 12.00
# Visual Studio Version 17
VisualStudioVersion = 17.10.35027.167
MinimumVisualStudioVersion = 10.0.40219.1
Project("{FAE04EC0-301F-11D3-BF4B-00C04F79EFBC}") = "shef_kuhar", "shef_kuhar\shef_kuhar.csproj", "{FAAF06C6-8DA5-4BB5-A61B-5B5D3ADED341}"
EndProject
Global
	GlobalSection(SolutionConfigurationPlatforms) = preSolution
		Debug|Any CPU = Debug|Any CPU
		Release|Any CPU = Release|Any CPU
	EndGlobalSection
	GlobalSection(ProjectConfigurationPlatforms) = postSolution
		{FAAF06C6-8DA5-4BB5-A61B-5B5D3ADED341}.Debug|Any CPU.ActiveCfg = Debug|Any CPU
		{FAAF06C6-8DA5-4BB5-A61B-5B5D3ADED341}.Debug|Any CPU.Build.0 = Debug|Any CPU
		{FAAF06C6-8DA5-4BB5-A61B-5B5D3ADED341}.Release|Any CPU.ActiveCfg = Release|Any CPU
		{FAAF06C6-8DA5-4BB5-A61B-5B5D3ADED341}.Release|Any CPU.Build.0 = Release|Any CPU
	EndGlobalSection
	GlobalSection(SolutionProperties) = preSolution
		HideSolutionNode = FALSE
	EndGlobalSection
	GlobalSection(ExtensibilityGlobals) = postSolution
		SolutionGuid = {E491AFCC-F181-4759-9613-684976D9A34E}
	EndGlobalSection
EndGlobal
